{
  "name": "ui",
  "version": "0.0.1",
  "lockfileVersion": 3,
  "requires": true,
  "packages": {
    "": {
      "name": "ui",
      "version": "0.0.1",
      "license": "ISC",
      "workspaces": [
        "packages/design-system"
      ]
    },
    "node_modules/design-system": {
      "resolved": "packages/design-system",
      "link": true
    },
    "packages/design-system": {
      "version": "0.0.1",
      "license": "ISC"
    }
  }
}
